
Microsoft Visual Studio Solution File, Format Version 12.00
# Visual Studio Version 17
VisualStudioVersion = 17.8.34322.80
MinimumVisualStudioVersion = 10.0.40219.1
Project("{FAE04EC0-301F-11D3-BF4B-00C04F79EFBC}") = "ComprogDbNetFramework", "ComprogDbNetFramework.csproj", "{402F3FE4-9A8B-41E1-BF46-E26C1C3BF482}"
EndProject
Global
	GlobalSection(SolutionConfigurationPlatforms) = preSolution
		Debug|Any CPU = Debug|Any CPU
		Release|Any CPU = Release|Any CPU
	EndGlobalSection
	GlobalSection(ProjectConfigurationPlatforms) = postSolution
		{402F3FE4-9A8B-41E1-BF46-E26C1C3BF482}.Debug|Any CPU.ActiveCfg = Debug|Any CPU
		{402F3FE4-9A8B-41E1-BF46-E26C1C3BF482}.Debug|Any CPU.Build.0 = Debug|Any CPU
		{402F3FE4-9A8B-41E1-BF46-E26C1C3BF482}.Release|Any CPU.ActiveCfg = Release|Any CPU
		{402F3FE4-9A8B-41E1-BF46-E26C1C3BF482}.Release|Any CPU.Build.0 = Release|Any CPU
	EndGlobalSection
	GlobalSection(SolutionProperties) = preSolution
		HideSolutionNode = FALSE
	EndGlobalSection
	GlobalSection(ExtensibilityGlobals) = postSolution
		SolutionGuid = {3326EC39-1AED-491F-B460-42EAB0F649B7}
	EndGlobalSection
EndGlobal
